
Microsoft Visual Studio Solution File, Format Version 12.00
# Visual Studio Version 16
VisualStudioVersion = 16.0.30011.22
MinimumVisualStudioVersion = 10.0.40219.1
Project("{FAE04EC0-301F-11D3-BF4B-00C04F79EFBC}") = "UI", "UI\UI.csproj", "{1C7B1474-3240-483D-8C3F-644C2378BE2F}"
EndProject
Global
	GlobalSection(SolutionConfigurationPlatforms) = preSolution
		Debug|Any CPU = Debug|Any CPU
		Release|Any CPU = Release|Any CPU
	EndGlobalSection
	GlobalSection(ProjectConfigurationPlatforms) = postSolution
		{1C7B1474-3240-483D-8C3F-644C2378BE2F}.Debug|Any CPU.ActiveCfg = Debug|Any CPU
		{1C7B1474-3240-483D-8C3F-644C2378BE2F}.Debug|Any CPU.Build.0 = Debug|Any CPU
		{1C7B1474-3240-483D-8C3F-644C2378BE2F}.Release|Any CPU.ActiveCfg = Release|Any CPU
		{1C7B1474-3240-483D-8C3F-644C2378BE2F}.Release|Any CPU.Build.0 = Release|Any CPU
	EndGlobalSection
	GlobalSection(SolutionProperties) = preSolution
		HideSolutionNode = FALSE
	EndGlobalSection
	GlobalSection(ExtensibilityGlobals) = postSolution
		SolutionGuid = {4E6FD9E7-0A03-4C3F-BA26-CCB35B60EC83}
	EndGlobalSection
EndGlobal
